
Microsoft Visual Studio Solution File, Format Version 12.00
# Visual Studio Version 17
VisualStudioVersion = 17.7.34024.191
MinimumVisualStudioVersion = 10.0.40219.1
Project("{8BC9CEB8-8B4A-11D0-8D11-00A0C91BC942}") = "SheepSoftRenderer", "SheepSoftRenderer.vcxproj", "{F2BD7368-3B28-4DF9-913E-007478C45CDA}"
EndProject
Global
	GlobalSection(SolutionConfigurationPlatforms) = preSolution
		Debug|x64 = Debug|x64
		Debug|x86 = Debug|x86
		Release|x64 = Release|x64
		Release|x86 = Release|x86
	EndGlobalSection
	GlobalSection(ProjectConfigurationPlatforms) = postSolution
		{F2BD7368-3B28-4DF9-913E-007478C45CDA}.Debug|x64.ActiveCfg = Debug|x64
		{F2BD7368-3B28-4DF9-913E-007478C45CDA}.Debug|x64.Build.0 = Debug|x64
		{F2BD7368-3B28-4DF9-913E-007478C45CDA}.Debug|x86.ActiveCfg = Debug|Win32
		{F2BD7368-3B28-4DF9-913E-007478C45CDA}.Debug|x86.Build.0 = Debug|Win32
		{F2BD7368-3B28-4DF9-913E-007478C45CDA}.Release|x64.ActiveCfg = Release|x64
		{F2BD7368-3B28-4DF9-913E-007478C45CDA}.Release|x64.Build.0 = Release|x64
		{F2BD7368-3B28-4DF9-913E-007478C45CDA}.Release|x86.ActiveCfg = Release|Win32
		{F2BD7368-3B28-4DF9-913E-007478C45CDA}.Release|x86.Build.0 = Release|Win32
	EndGlobalSection
	GlobalSection(SolutionProperties) = preSolution
		HideSolutionNode = FALSE
	EndGlobalSection
	GlobalSection(ExtensibilityGlobals) = postSolution
		SolutionGuid = {0DF22C3D-A6D0-4402-8548-888750A81A09}
	EndGlobalSection
EndGlobal
